{
  "name": "@pzhiq/guide-manager",
  "version": "0.0.1",
  "lockfileVersion": 2,
  "requires": true,
  "packages": {
    "": {
      "name": "@pzhiq/guide-manager",
      "version": "0.0.1",
      "license": "ISC",
      "dependencies": {
        "@pzhiq/esm": "^1.0.4",
        "@pzhiq/guide-manager": "^0.0.1"
      }
    },
    "node_modules/@pzhiq/esm": {
      "version": "1.0.4",
      "resolved": "https://registry.npmjs.org/@pzhiq/esm/-/esm-1.0.4.tgz",
      "integrity": "sha512-ODAxd6hKwkPPHqqvUoZpEFtgbhkrbqZ0cx+/zIi6q8LwqLJZ09IeBXrOdWat2OYNGKMVXev28ZM16Ky69EN3mg==",
      "dependencies": {
        "@pzhiq/esm": "^1.0.2"
      }
    },
    "node_modules/@pzhiq/guide-manager": {
      "version": "0.0.1",
      "resolved": "https://registry.npmjs.org/@pzhiq/guide-manager/-/guide-manager-0.0.1.tgz",
      "integrity": "sha512-iVpoVa2sKFf269XeZDNann3oID9ot4+OVyLcd+PPyNMa8bYnP0INjZNniiUJMbKCh3KwulQcrP3jaOfkeC395Q==",
      "dependencies": {
        "@pzhiq/esm": "^1.0.4"
      }
    }
  },
  "dependencies": {
    "@pzhiq/esm": {
      "version": "1.0.4",
      "resolved": "https://registry.npmjs.org/@pzhiq/esm/-/esm-1.0.4.tgz",
      "integrity": "sha512-ODAxd6hKwkPPHqqvUoZpEFtgbhkrbqZ0cx+/zIi6q8LwqLJZ09IeBXrOdWat2OYNGKMVXev28ZM16Ky69EN3mg==",
      "requires": {
        "@pzhiq/esm": "^1.0.2"
      }
    },
    "@pzhiq/guide-manager": {
      "version": "0.0.1",
      "resolved": "https://registry.npmjs.org/@pzhiq/guide-manager/-/guide-manager-0.0.1.tgz",
      "integrity": "sha512-iVpoVa2sKFf269XeZDNann3oID9ot4+OVyLcd+PPyNMa8bYnP0INjZNniiUJMbKCh3KwulQcrP3jaOfkeC395Q==",
      "requires": {
        "@pzhiq/esm": "^1.0.4"
      }
    }
  }
}
